
Microsoft Visual Studio Solution File, Format Version 12.00
# Visual Studio 15
VisualStudioVersion = 15.0.28307.106
MinimumVisualStudioVersion = 10.0.40219.1
Project("{FAE04EC0-301F-11D3-BF4B-00C04F79EFBC}") = "DesenvolvedorRelacional", "DesenvolvedorRelacional\DesenvolvedorRelacional.csproj", "{3323B629-9C63-4AD7-A3B7-2E1781C89EFA}"
EndProject
Global
	GlobalSection(SolutionConfigurationPlatforms) = preSolution
		Debug|Any CPU = Debug|Any CPU
		Release|Any CPU = Release|Any CPU
	EndGlobalSection
	GlobalSection(ProjectConfigurationPlatforms) = postSolution
		{3323B629-9C63-4AD7-A3B7-2E1781C89EFA}.Debug|Any CPU.ActiveCfg = Debug|Any CPU
		{3323B629-9C63-4AD7-A3B7-2E1781C89EFA}.Debug|Any CPU.Build.0 = Debug|Any CPU
		{3323B629-9C63-4AD7-A3B7-2E1781C89EFA}.Release|Any CPU.ActiveCfg = Release|Any CPU
		{3323B629-9C63-4AD7-A3B7-2E1781C89EFA}.Release|Any CPU.Build.0 = Release|Any CPU
	EndGlobalSection
	GlobalSection(SolutionProperties) = preSolution
		HideSolutionNode = FALSE
	EndGlobalSection
	GlobalSection(ExtensibilityGlobals) = postSolution
		SolutionGuid = {6DF36AC3-C217-4F19-83B6-A31B68510ACF}
	EndGlobalSection
EndGlobal
